
Microsoft Visual Studio Solution File, Format Version 12.00
# Visual Studio Version 16
VisualStudioVersion = 16.0.31624.102
MinimumVisualStudioVersion = 10.0.40219.1
Project("{8BC9CEB8-8B4A-11D0-8D11-00A0C91BC942}") = "computeFactorial", "computeFactorial\computeFactorial.vcxproj", "{2C611CE7-F519-416C-8BA7-ED4F61D975AD}"
EndProject
Global
	GlobalSection(SolutionConfigurationPlatforms) = preSolution
		Debug|x64 = Debug|x64
		Debug|x86 = Debug|x86
		Release|x64 = Release|x64
		Release|x86 = Release|x86
	EndGlobalSection
	GlobalSection(ProjectConfigurationPlatforms) = postSolution
		{2C611CE7-F519-416C-8BA7-ED4F61D975AD}.Debug|x64.ActiveCfg = Debug|x64
		{2C611CE7-F519-416C-8BA7-ED4F61D975AD}.Debug|x64.Build.0 = Debug|x64
		{2C611CE7-F519-416C-8BA7-ED4F61D975AD}.Debug|x86.ActiveCfg = Debug|Win32
		{2C611CE7-F519-416C-8BA7-ED4F61D975AD}.Debug|x86.Build.0 = Debug|Win32
		{2C611CE7-F519-416C-8BA7-ED4F61D975AD}.Release|x64.ActiveCfg = Release|x64
		{2C611CE7-F519-416C-8BA7-ED4F61D975AD}.Release|x64.Build.0 = Release|x64
		{2C611CE7-F519-416C-8BA7-ED4F61D975AD}.Release|x86.ActiveCfg = Release|Win32
		{2C611CE7-F519-416C-8BA7-ED4F61D975AD}.Release|x86.Build.0 = Release|Win32
	EndGlobalSection
	GlobalSection(SolutionProperties) = preSolution
		HideSolutionNode = FALSE
	EndGlobalSection
	GlobalSection(ExtensibilityGlobals) = postSolution
		SolutionGuid = {CD95E752-DFF3-4383-B56E-83A1C5E75BA6}
	EndGlobalSection
EndGlobal
